// !$*UTF8*$!
{
	archiveVersion = 1;
	classes = {
	};
	objectVersion = 48;
	objects = {

/* Begin PBXBuildFile section */
		452D48EB204D1A9100F4AFDE /* AsyncDisplayKit.framework in Frameworks */ = {isa = PBXBuildFile; fileRef = 452D48E7204D1A9000F4AFDE /* AsyncDisplayKit.framework */; };
		452D48EC204D1A9100F4AFDE /* AsyncDisplayKit.framework in Embed Frameworks */ = {isa = PBXBuildFile; fileRef = 452D48E7204D1A9000F4AFDE /* AsyncDisplayKit.framework */; settings = {ATTRIBUTES = (CodeSignOnCopy, RemoveHeadersOnCopy, ); }; };
		452D48ED204D1A9100F4AFDE /* PINCache.framework in Frameworks */ = {isa = PBXBuildFile; fileRef = 452D48E8204D1A9000F4AFDE /* PINCache.framework */; };
		452D48EE204D1A9100F4AFDE /* PINCache.framework in Embed Frameworks */ = {isa = PBXBuildFile; fileRef = 452D48E8204D1A9000F4AFDE /* PINCache.framework */; settings = {ATTRIBUTES = (CodeSignOnCopy, RemoveHeadersOnCopy, ); }; };
		452D48EF204D1A9100F4AFDE /* PINRemoteImage.framework in Frameworks */ = {isa = PBXBuildFile; fileRef = 452D48E9204D1A9000F4AFDE /* PINRemoteImage.framework */; };
		452D48F0204D1A9100F4AFDE /* PINRemoteImage.framework in Embed Frameworks */ = {isa = PBXBuildFile; fileRef = 452D48E9204D1A9000F4AFDE /* PINRemoteImage.framework */; settings = {ATTRIBUTES = (CodeSignOnCopy, RemoveHeadersOnCopy, ); }; };
		452D48F1204D1A9100F4AFDE /* PINOperation.framework in Frameworks */ = {isa = PBXBuildFile; fileRef = 452D48EA204D1A9000F4AFDE /* PINOperation.framework */; };
		452D48F2204D1A9100F4AFDE /* PINOperation.framework in Embed Frameworks */ = {isa = PBXBuildFile; fileRef = 452D48EA204D1A9000F4AFDE /* PINOperation.framework */; settings = {ATTRIBUTES = (CodeSignOnCopy, RemoveHeadersOnCopy, ); }; };
		452D48F3204D1AAB00F4AFDE /* AsyncDisplayKit.framework in Frameworks */ = {isa = PBXBuildFile; fileRef = 452D48E7204D1A9000F4AFDE /* AsyncDisplayKit.framework */; };
		452D48F4204D1AAB00F4AFDE /* PINCache.framework in Frameworks */ = {isa = PBXBuildFile; fileRef = 452D48E8204D1A9000F4AFDE /* PINCache.framework */; };
		452D48F5204D1AAB00F4AFDE /* PINOperation.framework in Frameworks */ = {isa = PBXBuildFile; fileRef = 452D48EA204D1A9000F4AFDE /* PINOperation.framework */; };
		452D48F6204D1AAB00F4AFDE /* PINRemoteImage.framework in Frameworks */ = {isa = PBXBuildFile; fileRef = 452D48E9204D1A9000F4AFDE /* PINRemoteImage.framework */; };
		452D48F8204D1AE800F4AFDE /* Masonry.framework in Frameworks */ = {isa = PBXBuildFile; fileRef = 452D48F7204D1AE800F4AFDE /* Masonry.framework */; };
		452D48F9204D1AE800F4AFDE /* Masonry.framework in Embed Frameworks */ = {isa = PBXBuildFile; fileRef = 452D48F7204D1AE800F4AFDE /* Masonry.framework */; settings = {ATTRIBUTES = (CodeSignOnCopy, RemoveHeadersOnCopy, ); }; };
		452D490F204D24EE00F4AFDE /* AsyncDisplayKit.framework in Resources */ = {isa = PBXBuildFile; fileRef = 452D48E7204D1A9000F4AFDE /* AsyncDisplayKit.framework */; };
		452D4910204D24EE00F4AFDE /* PINCache.framework in Resources */ = {isa = PBXBuildFile; fileRef = 452D48E8204D1A9000F4AFDE /* PINCache.framework */; };
		452D4911204D24EE00F4AFDE /* PINOperation.framework in Resources */ = {isa = PBXBuildFile; fileRef = 452D48EA204D1A9000F4AFDE /* PINOperation.framework */; };
		452D4912204D24EE00F4AFDE /* PINRemoteImage.framework in Resources */ = {isa = PBXBuildFile; fileRef = 452D48E9204D1A9000F4AFDE /* PINRemoteImage.framework */; };
		F059BBDC20493020008DFB0B /* AppDelegate.m in Sources */ = {isa = PBXBuildFile; fileRef = F059BBDB20493020008DFB0B /* AppDelegate.m */; };
		F059BBDF20493020008DFB0B /* ViewController.m in Sources */ = {isa = PBXBuildFile; fileRef = F059BBDE20493020008DFB0B /* ViewController.m */; };
		F059BBE220493020008DFB0B /* Main.storyboard in Resources */ = {isa = PBXBuildFile; fileRef = F059BBE020493020008DFB0B /* Main.storyboard */; };
		F059BBE420493020008DFB0B /* Assets.xcassets in Resources */ = {isa = PBXBuildFile; fileRef = F059BBE320493020008DFB0B /* Assets.xcassets */; };
		F059BBE720493020008DFB0B /* LaunchScreen.storyboard in Resources */ = {isa = PBXBuildFile; fileRef = F059BBE520493020008DFB0B /* LaunchScreen.storyboard */; };
		F059BBEA20493020008DFB0B /* main.m in Sources */ = {isa = PBXBuildFile; fileRef = F059BBE920493020008DFB0B /* main.m */; };
		F059BBFF20493316008DFB0B /* RXMLElement.m in Sources */ = {isa = PBXBuildFile; fileRef = F059BBFE20493316008DFB0B /* RXMLElement.m */; };
		F059BC0520493589008DFB0B /* ConfigureFileHelper.m in Sources */ = {isa = PBXBuildFile; fileRef = F059BC0420493589008DFB0B /* ConfigureFileHelper.m */; };
		F059BC08204937BF008DFB0B /* DLMessageCenterCellNode.m in Sources */ = {isa = PBXBuildFile; fileRef = F059BC07204937BF008DFB0B /* DLMessageCenterCellNode.m */; };
		F059BC0A20493922008DFB0B /* messageCenterPocketslh.xml in Resources */ = {isa = PBXBuildFile; fileRef = F059BC0920493922008DFB0B /* messageCenterPocketslh.xml */; };
		F059BC0E20493A00008DFB0B /* libxml2.2.tbd in Frameworks */ = {isa = PBXBuildFile; fileRef = F059BC0D20493A00008DFB0B /* libxml2.2.tbd */; };
		F059BC1020493A32008DFB0B /* libz.tbd in Frameworks */ = {isa = PBXBuildFile; fileRef = F059BC0F20493A32008DFB0B /* libz.tbd */; };
		F059BC25204944D8008DFB0B /* DLViewLayout.h in Headers */ = {isa = PBXBuildFile; fileRef = F059BC23204944D8008DFB0B /* DLViewLayout.h */; settings = {ATTRIBUTES = (Public, ); }; };
		F059BC28204944D8008DFB0B /* DLViewLayout.framework in Frameworks */ = {isa = PBXBuildFile; fileRef = F059BC21204944D7008DFB0B /* DLViewLayout.framework */; };
		F059BC29204944D8008DFB0B /* DLViewLayout.framework in Embed Frameworks */ = {isa = PBXBuildFile; fileRef = F059BC21204944D7008DFB0B /* DLViewLayout.framework */; settings = {ATTRIBUTES = (CodeSignOnCopy, RemoveHeadersOnCopy, ); }; };
		F059BC2E204945D4008DFB0B /* DLASyncDisplayLayoutSvc.m in Sources */ = {isa = PBXBuildFile; fileRef = F059BBF720493094008DFB0B /* DLASyncDisplayLayoutSvc.m */; };
		F059BC2F204945D6008DFB0B /* DLListTextStyle.m in Sources */ = {isa = PBXBuildFile; fileRef = F059BBF320493094008DFB0B /* DLListTextStyle.m */; };
		F059BC30204945D9008DFB0B /* DLStyleService.m in Sources */ = {isa = PBXBuildFile; fileRef = F059BBF420493094008DFB0B /* DLStyleService.m */; };
		F059BC31204945DB008DFB0B /* DLViewLayoutTags.m in Sources */ = {isa = PBXBuildFile; fileRef = F059BBF220493094008DFB0B /* DLViewLayoutTags.m */; };
		F059BC32204945F5008DFB0B /* DLASyncDisplayLayoutSvc.h in Headers */ = {isa = PBXBuildFile; fileRef = F059BBF620493094008DFB0B /* DLASyncDisplayLayoutSvc.h */; settings = {ATTRIBUTES = (Public, ); }; };
		F059BC33204945F9008DFB0B /* DLListTextStyle.h in Headers */ = {isa = PBXBuildFile; fileRef = F059BBF120493094008DFB0B /* DLListTextStyle.h */; settings = {ATTRIBUTES = (Public, ); }; };
		F059BC34204945FC008DFB0B /* DLViewLayoutTags.h in Headers */ = {isa = PBXBuildFile; fileRef = F059BBF020493094008DFB0B /* DLViewLayoutTags.h */; settings = {ATTRIBUTES = (Public, ); }; };
		F059BC3520494603008DFB0B /* DLStyleService.h in Headers */ = {isa = PBXBuildFile; fileRef = F059BBF520493094008DFB0B /* DLStyleService.h */; settings = {ATTRIBUTES = (Private, ); }; };
		F059BC3620494670008DFB0B /* libxml2.2.tbd in Frameworks */ = {isa = PBXBuildFile; fileRef = F059BC0D20493A00008DFB0B /* libxml2.2.tbd */; };
		F059BC3720494678008DFB0B /* libz.tbd in Frameworks */ = {isa = PBXBuildFile; fileRef = F059BC0F20493A32008DFB0B /* libz.tbd */; };
/* End PBXBuildFile section */

/* Begin PBXContainerItemProxy section */
		452D4909204D220000F4AFDE /* PBXContainerItemProxy */ = {
			isa = PBXContainerItemProxy;
			containerPortal = 452D4903204D220000F4AFDE /* AsyncDisplayKit.xcodeproj */;
			proxyType = 2;
			remoteGlobalIDString = B35061DA1B010EDF0018CF92;
			remoteInfo = AsyncDisplayKit;
		};
		452D490B204D220000F4AFDE /* PBXContainerItemProxy */ = {
			isa = PBXContainerItemProxy;
			containerPortal = 452D4903204D220000F4AFDE /* AsyncDisplayKit.xcodeproj */;
			proxyType = 2;
			remoteGlobalIDString = 058D09BC195D04C000B7D73C;
			remoteInfo = AsyncDisplayKitTests;
		};
		452D490D204D220000F4AFDE /* PBXContainerItemProxy */ = {
			isa = PBXContainerItemProxy;
			containerPortal = 452D4903204D220000F4AFDE /* AsyncDisplayKit.xcodeproj */;
			proxyType = 2;
			remoteGlobalIDString = 057D02BF1AC0A66700C7AC3C;
			remoteInfo = AsyncDisplayKitTestHost;
		};
		F059BC26204944D8008DFB0B /* PBXContainerItemProxy */ = {
			isa = PBXContainerItemProxy;
			containerPortal = F059BBCF20493020008DFB0B /* Project object */;
			proxyType = 1;
			remoteGlobalIDString = F059BC20204944D7008DFB0B;
			remoteInfo = DLViewLayout;
		};
/* End PBXContainerItemProxy section */

/* Begin PBXCopyFilesBuildPhase section */
		F059BC1720493F38008DFB0B /* Embed Frameworks */ = {
			isa = PBXCopyFilesBuildPhase;
			buildActionMask = 2147483647;
			dstPath = "";
			dstSubfolderSpec = 10;
			files = (
				452D48F0204D1A9100F4AFDE /* PINRemoteImage.framework in Embed Frameworks */,
				452D48EE204D1A9100F4AFDE /* PINCache.framework in Embed Frameworks */,
				452D48F9204D1AE800F4AFDE /* Masonry.framework in Embed Frameworks */,
				F059BC29204944D8008DFB0B /* DLViewLayout.framework in Embed Frameworks */,
				452D48F2204D1A9100F4AFDE /* PINOperation.framework in Embed Frameworks */,
				452D48EC204D1A9100F4AFDE /* AsyncDisplayKit.framework in Embed Frameworks */,
			);
			name = "Embed Frameworks";
			runOnlyForDeploymentPostprocessing = 0;
		};
/* End PBXCopyFilesBuildPhase section */

/* Begin PBXFileReference section */
		452D48E7204D1A9000F4AFDE /* AsyncDisplayKit.framework */ = {isa = PBXFileReference; lastKnownFileType = wrapper.framework; path = AsyncDisplayKit.framework; sourceTree = "<group>"; };
		452D48E8204D1A9000F4AFDE /* PINCache.framework */ = {isa = PBXFileReference; lastKnownFileType = wrapper.framework; path = PINCache.framework; sourceTree = "<group>"; };
		452D48E9204D1A9000F4AFDE /* PINRemoteImage.framework */ = {isa = PBXFileReference; lastKnownFileType = wrapper.framework; path = PINRemoteImage.framework; sourceTree = "<group>"; };
		452D48EA204D1A9000F4AFDE /* PINOperation.framework */ = {isa = PBXFileReference; lastKnownFileType = wrapper.framework; path = PINOperation.framework; sourceTree = "<group>"; };
		452D48F7204D1AE800F4AFDE /* Masonry.framework */ = {isa = PBXFileReference; lastKnownFileType = wrapper.framework; path = Masonry.framework; sourceTree = "<group>"; };
		452D4903204D220000F4AFDE /* AsyncDisplayKit.xcodeproj */ = {isa = PBXFileReference; lastKnownFileType = "wrapper.pb-project"; name = AsyncDisplayKit.xcodeproj; path = ../../shuqiong/lib/Texture/AsyncDisplayKit.xcodeproj; sourceTree = "<group>"; };
		F059BBD720493020008DFB0B /* ViewLayout.app */ = {isa = PBXFileReference; explicitFileType = wrapper.application; includeInIndex = 0; path = ViewLayout.app; sourceTree = BUILT_PRODUCTS_DIR; };
		F059BBDA20493020008DFB0B /* AppDelegate.h */ = {isa = PBXFileReference; lastKnownFileType = sourcecode.c.h; path = AppDelegate.h; sourceTree = "<group>"; };
		F059BBDB20493020008DFB0B /* AppDelegate.m */ = {isa = PBXFileReference; lastKnownFileType = sourcecode.c.objc; path = AppDelegate.m; sourceTree = "<group>"; };
		F059BBDD20493020008DFB0B /* ViewController.h */ = {isa = PBXFileReference; lastKnownFileType = sourcecode.c.h; path = ViewController.h; sourceTree = "<group>"; };
		F059BBDE20493020008DFB0B /* ViewController.m */ = {isa = PBXFileReference; lastKnownFileType = sourcecode.c.objc; path = ViewController.m; sourceTree = "<group>"; };
		F059BBE120493020008DFB0B /* Base */ = {isa = PBXFileReference; lastKnownFileType = file.storyboard; name = Base; path = Base.lproj/Main.storyboard; sourceTree = "<group>"; };
		F059BBE320493020008DFB0B /* Assets.xcassets */ = {isa = PBXFileReference; lastKnownFileType = folder.assetcatalog; path = Assets.xcassets; sourceTree = "<group>"; };
		F059BBE620493020008DFB0B /* Base */ = {isa = PBXFileReference; lastKnownFileType = file.storyboard; name = Base; path = Base.lproj/LaunchScreen.storyboard; sourceTree = "<group>"; };
		F059BBE820493020008DFB0B /* Info.plist */ = {isa = PBXFileReference; lastKnownFileType = text.plist.xml; path = Info.plist; sourceTree = "<group>"; };
		F059BBE920493020008DFB0B /* main.m */ = {isa = PBXFileReference; lastKnownFileType = sourcecode.c.objc; path = main.m; sourceTree = "<group>"; };
		F059BBF020493094008DFB0B /* DLViewLayoutTags.h */ = {isa = PBXFileReference; fileEncoding = 4; lastKnownFileType = sourcecode.c.h; path = DLViewLayoutTags.h; sourceTree = "<group>"; };
		F059BBF120493094008DFB0B /* DLListTextStyle.h */ = {isa = PBXFileReference; fileEncoding = 4; lastKnownFileType = sourcecode.c.h; path = DLListTextStyle.h; sourceTree = "<group>"; };
		F059BBF220493094008DFB0B /* DLViewLayoutTags.m */ = {isa = PBXFileReference; fileEncoding = 4; lastKnownFileType = sourcecode.c.objc; path = DLViewLayoutTags.m; sourceTree = "<group>"; };
		F059BBF320493094008DFB0B /* DLListTextStyle.m */ = {isa = PBXFileReference; fileEncoding = 4; lastKnownFileType = sourcecode.c.objc; path = DLListTextStyle.m; sourceTree = "<group>"; };
		F059BBF420493094008DFB0B /* DLStyleService.m */ = {isa = PBXFileReference; fileEncoding = 4; lastKnownFileType = sourcecode.c.objc; path = DLStyleService.m; sourceTree = "<group>"; };
		F059BBF520493094008DFB0B /* DLStyleService.h */ = {isa = PBXFileReference; fileEncoding = 4; lastKnownFileType = sourcecode.c.h; path = DLStyleService.h; sourceTree = "<group>"; };
		F059BBF620493094008DFB0B /* DLASyncDisplayLayoutSvc.h */ = {isa = PBXFileReference; fileEncoding = 4; lastKnownFileType = sourcecode.c.h; path = DLASyncDisplayLayoutSvc.h; sourceTree = "<group>"; };
		F059BBF720493094008DFB0B /* DLASyncDisplayLayoutSvc.m */ = {isa = PBXFileReference; fileEncoding = 4; lastKnownFileType = sourcecode.c.objc; path = DLASyncDisplayLayoutSvc.m; sourceTree = "<group>"; };
		F059BBFD20493316008DFB0B /* RXMLElement.h */ = {isa = PBXFileReference; fileEncoding = 4; lastKnownFileType = sourcecode.c.h; path = RXMLElement.h; sourceTree = "<group>"; };
		F059BBFE20493316008DFB0B /* RXMLElement.m */ = {isa = PBXFileReference; fileEncoding = 4; lastKnownFileType = sourcecode.c.objc; path = RXMLElement.m; sourceTree = "<group>"; };
		F059BC0320493589008DFB0B /* ConfigureFileHelper.h */ = {isa = PBXFileReference; lastKnownFileType = sourcecode.c.h; path = ConfigureFileHelper.h; sourceTree = "<group>"; };
		F059BC0420493589008DFB0B /* ConfigureFileHelper.m */ = {isa = PBXFileReference; lastKnownFileType = sourcecode.c.objc; path = ConfigureFileHelper.m; sourceTree = "<group>"; };
		F059BC06204937BF008DFB0B /* DLMessageCenterCellNode.h */ = {isa = PBXFileReference; fileEncoding = 4; lastKnownFileType = sourcecode.c.h; path = DLMessageCenterCellNode.h; sourceTree = "<group>"; };
		F059BC07204937BF008DFB0B /* DLMessageCenterCellNode.m */ = {isa = PBXFileReference; fileEncoding = 4; lastKnownFileType = sourcecode.c.objc; path = DLMessageCenterCellNode.m; sourceTree = "<group>"; };
		F059BC0920493922008DFB0B /* messageCenterPocketslh.xml */ = {isa = PBXFileReference; fileEncoding = 4; lastKnownFileType = text.xml; path = messageCenterPocketslh.xml; sourceTree = "<group>"; };
		F059BC0B204939E6008DFB0B /* libxml2.tbd */ = {isa = PBXFileReference; lastKnownFileType = "sourcecode.text-based-dylib-definition"; name = libxml2.tbd; path = usr/lib/libxml2.tbd; sourceTree = SDKROOT; };
		F059BC0D20493A00008DFB0B /* libxml2.2.tbd */ = {isa = PBXFileReference; lastKnownFileType = "sourcecode.text-based-dylib-definition"; name = libxml2.2.tbd; path = usr/lib/libxml2.2.tbd; sourceTree = SDKROOT; };
		F059BC0F20493A32008DFB0B /* libz.tbd */ = {isa = PBXFileReference; lastKnownFileType = "sourcecode.text-based-dylib-definition"; name = libz.tbd; path = usr/lib/libz.tbd; sourceTree = SDKROOT; };
		F059BC21204944D7008DFB0B /* DLViewLayout.framework */ = {isa = PBXFileReference; explicitFileType = wrapper.framework; includeInIndex = 0; path = DLViewLayout.framework; sourceTree = BUILT_PRODUCTS_DIR; };
		F059BC23204944D8008DFB0B /* DLViewLayout.h */ = {isa = PBXFileReference; lastKnownFileType = sourcecode.c.h; path = DLViewLayout.h; sourceTree = "<group>"; };
		F059BC24204944D8008DFB0B /* Info.plist */ = {isa = PBXFileReference; lastKnownFileType = text.plist.xml; path = Info.plist; sourceTree = "<group>"; };
/* End PBXFileReference section */

/* Begin PBXFrameworksBuildPhase section */
		F059BBD420493020008DFB0B /* Frameworks */ = {
			isa = PBXFrameworksBuildPhase;
			buildActionMask = 2147483647;
			files = (
				F059BC1020493A32008DFB0B /* libz.tbd in Frameworks */,
				F059BC0E20493A00008DFB0B /* libxml2.2.tbd in Frameworks */,
				452D48F1204D1A9100F4AFDE /* PINOperation.framework in Frameworks */,
				F059BC28204944D8008DFB0B /* DLViewLayout.framework in Frameworks */,
				452D48EF204D1A9100F4AFDE /* PINRemoteImage.framework in Frameworks */,
				452D48EB204D1A9100F4AFDE /* AsyncDisplayKit.framework in Frameworks */,
				452D48F8204D1AE800F4AFDE /* Masonry.framework in Frameworks */,
				452D48ED204D1A9100F4AFDE /* PINCache.framework in Frameworks */,
			);
			runOnlyForDeploymentPostprocessing = 0;
		};
		F059BC1D204944D7008DFB0B /* Frameworks */ = {
			isa = PBXFrameworksBuildPhase;
			buildActionMask = 2147483647;
			files = (
				452D48F3204D1AAB00F4AFDE /* AsyncDisplayKit.framework in Frameworks */,
				452D48F4204D1AAB00F4AFDE /* PINCache.framework in Frameworks */,
				452D48F5204D1AAB00F4AFDE /* PINOperation.framework in Frameworks */,
				452D48F6204D1AAB00F4AFDE /* PINRemoteImage.framework in Frameworks */,
				F059BC3720494678008DFB0B /* libz.tbd in Frameworks */,
				F059BC3620494670008DFB0B /* libxml2.2.tbd in Frameworks */,
			);
			runOnlyForDeploymentPostprocessing = 0;
		};
/* End PBXFrameworksBuildPhase section */

/* Begin PBXGroup section */
		452D48FA204D1B7C00F4AFDE /* Support Files */ = {
			isa = PBXGroup;
			children = (
				F059BBFC20493316008DFB0B /* RaptureXML */,
				F059BBE020493020008DFB0B /* Main.storyboard */,
				F059BBE320493020008DFB0B /* Assets.xcassets */,
				F059BBE520493020008DFB0B /* LaunchScreen.storyboard */,
				F059BBE820493020008DFB0B /* Info.plist */,
				F059BBE920493020008DFB0B /* main.m */,
			);
			path = "Support Files";
			sourceTree = "<group>";
		};
		452D4904204D220000F4AFDE /* Products */ = {
			isa = PBXGroup;
			children = (
				452D490A204D220000F4AFDE /* AsyncDisplayKit.framework */,
				452D490C204D220000F4AFDE /* AsyncDisplayKitTests.xctest */,
				452D490E204D220000F4AFDE /* AsyncDisplayKitTestHost.app */,
			);
			name = Products;
			sourceTree = "<group>";
		};
		F059BBCE20493020008DFB0B = {
			isa = PBXGroup;
			children = (
				F059BBD920493020008DFB0B /* ViewLayout */,
				F059BC22204944D8008DFB0B /* DLViewLayout */,
				F059BBD820493020008DFB0B /* Products */,
				F059BC002049332E008DFB0B /* Frameworks */,
			);
			sourceTree = "<group>";
		};
		F059BBD820493020008DFB0B /* Products */ = {
			isa = PBXGroup;
			children = (
				F059BBD720493020008DFB0B /* ViewLayout.app */,
				F059BC21204944D7008DFB0B /* DLViewLayout.framework */,
			);
			name = Products;
			sourceTree = "<group>";
		};
		F059BBD920493020008DFB0B /* ViewLayout */ = {
			isa = PBXGroup;
			children = (
				F059BBDA20493020008DFB0B /* AppDelegate.h */,
				F059BBDB20493020008DFB0B /* AppDelegate.m */,
				F059BBDD20493020008DFB0B /* ViewController.h */,
				F059BBDE20493020008DFB0B /* ViewController.m */,
				F059BC06204937BF008DFB0B /* DLMessageCenterCellNode.h */,
				F059BC07204937BF008DFB0B /* DLMessageCenterCellNode.m */,
				F059BC0320493589008DFB0B /* ConfigureFileHelper.h */,
				F059BC0420493589008DFB0B /* ConfigureFileHelper.m */,
				F059BC0920493922008DFB0B /* messageCenterPocketslh.xml */,
				452D48FA204D1B7C00F4AFDE /* Support Files */,
			);
			path = ViewLayout;
			sourceTree = "<group>";
		};
		F059BBFC20493316008DFB0B /* RaptureXML */ = {
			isa = PBXGroup;
			children = (
				F059BBFD20493316008DFB0B /* RXMLElement.h */,
				F059BBFE20493316008DFB0B /* RXMLElement.m */,
			);
			path = RaptureXML;
			sourceTree = "<group>";
		};
		F059BC002049332E008DFB0B /* Frameworks */ = {
			isa = PBXGroup;
			children = (
				452D4903204D220000F4AFDE /* AsyncDisplayKit.xcodeproj */,
				452D48F7204D1AE800F4AFDE /* Masonry.framework */,
				452D48E7204D1A9000F4AFDE /* AsyncDisplayKit.framework */,
				452D48E8204D1A9000F4AFDE /* PINCache.framework */,
				452D48EA204D1A9000F4AFDE /* PINOperation.framework */,
				452D48E9204D1A9000F4AFDE /* PINRemoteImage.framework */,
				F059BC0F20493A32008DFB0B /* libz.tbd */,
				F059BC0D20493A00008DFB0B /* libxml2.2.tbd */,
				F059BC0B204939E6008DFB0B /* libxml2.tbd */,
			);
			name = Frameworks;
			sourceTree = "<group>";
		};
		F059BC22204944D8008DFB0B /* DLViewLayout */ = {
			isa = PBXGroup;
			children = (
				F059BBF520493094008DFB0B /* DLStyleService.h */,
				F059BBF420493094008DFB0B /* DLStyleService.m */,
				F059BBF020493094008DFB0B /* DLViewLayoutTags.h */,
				F059BBF220493094008DFB0B /* DLViewLayoutTags.m */,
				F059BBF620493094008DFB0B /* DLASyncDisplayLayoutSvc.h */,
				F059BBF720493094008DFB0B /* DLASyncDisplayLayoutSvc.m */,
				F059BBF120493094008DFB0B /* DLListTextStyle.h */,
				F059BBF320493094008DFB0B /* DLListTextStyle.m */,
				F059BC23204944D8008DFB0B /* DLViewLayout.h */,
				F059BC24204944D8008DFB0B /* Info.plist */,
			);
			path = DLViewLayout;
			sourceTree = "<group>";
		};
/* End PBXGroup section */

/* Begin PBXHeadersBuildPhase section */
		F059BC1E204944D7008DFB0B /* Headers */ = {
			isa = PBXHeadersBuildPhase;
			buildActionMask = 2147483647;
			files = (
				F059BC25204944D8008DFB0B /* DLViewLayout.h in Headers */,
				F059BC32204945F5008DFB0B /* DLASyncDisplayLayoutSvc.h in Headers */,
				F059BC33204945F9008DFB0B /* DLListTextStyle.h in Headers */,
				F059BC34204945FC008DFB0B /* DLViewLayoutTags.h in Headers */,
				F059BC3520494603008DFB0B /* DLStyleService.h in Headers */,
			);
			runOnlyForDeploymentPostprocessing = 0;
		};
/* End PBXHeadersBuildPhase section */

/* Begin PBXNativeTarget section */
		F059BBD620493020008DFB0B /* ViewLayout */ = {
			isa = PBXNativeTarget;
			buildConfigurationList = F059BBED20493020008DFB0B /* Build configuration list for PBXNativeTarget "ViewLayout" */;
			buildPhases = (
				F059BBD320493020008DFB0B /* Sources */,
				F059BBD420493020008DFB0B /* Frameworks */,
				F059BBD520493020008DFB0B /* Resources */,
				F059BC1720493F38008DFB0B /* Embed Frameworks */,
			);
			buildRules = (
			);
			dependencies = (
				F059BC27204944D8008DFB0B /* PBXTargetDependency */,
			);
			name = ViewLayout;
			productName = ViewLayout;
			productReference = F059BBD720493020008DFB0B /* ViewLayout.app */;
			productType = "com.apple.product-type.application";
		};
		F059BC20204944D7008DFB0B /* DLViewLayout */ = {
			isa = PBXNativeTarget;
			buildConfigurationList = F059BC2A204944D8008DFB0B /* Build configuration list for PBXNativeTarget "DLViewLayout" */;
			buildPhases = (
				F059BC1C204944D7008DFB0B /* Sources */,
				F059BC1D204944D7008DFB0B /* Frameworks */,
				F059BC1E204944D7008DFB0B /* Headers */,
				F059BC1F204944D7008DFB0B /* Resources */,
			);
			buildRules = (
			);
			dependencies = (
			);
			name = DLViewLayout;
			productName = DLViewLayout;
			productReference = F059BC21204944D7008DFB0B /* DLViewLayout.framework */;
			productType = "com.apple.product-type.framework";
		};
/* End PBXNativeTarget section */

/* Begin PBXProject section */
		F059BBCF20493020008DFB0B /* Project object */ = {
			isa = PBXProject;
			attributes = {
				LastUpgradeCheck = 0920;
				ORGANIZATIONNAME = liyanqin;
				TargetAttributes = {
					F059BBD620493020008DFB0B = {
						CreatedOnToolsVersion = 9.2;
						ProvisioningStyle = Automatic;
					};
					F059BC20204944D7008DFB0B = {
						CreatedOnToolsVersion = 9.2;
						ProvisioningStyle = Automatic;
					};
				};
			};
			buildConfigurationList = F059BBD220493020008DFB0B /* Build configuration list for PBXProject "ViewLayout" */;
			compatibilityVersion = "Xcode 8.0";
			developmentRegion = en;
			hasScannedForEncodings = 0;
			knownRegions = (
				en,
				Base,
			);
			mainGroup = F059BBCE20493020008DFB0B;
			productRefGroup = F059BBD820493020008DFB0B /* Products */;
			projectDirPath = "";
			projectReferences = (
				{
					ProductGroup = 452D4904204D220000F4AFDE /* Products */;
					ProjectRef = 452D4903204D220000F4AFDE /* AsyncDisplayKit.xcodeproj */;
				},
			);
			projectRoot = "";
			targets = (
				F059BBD620493020008DFB0B /* ViewLayout */,
				F059BC20204944D7008DFB0B /* DLViewLayout */,
			);
		};
/* End PBXProject section */

/* Begin PBXReferenceProxy section */
		452D490A204D220000F4AFDE /* AsyncDisplayKit.framework */ = {
			isa = PBXReferenceProxy;
			fileType = wrapper.framework;
			path = AsyncDisplayKit.framework;
			remoteRef = 452D4909204D220000F4AFDE /* PBXContainerItemProxy */;
			sourceTree = BUILT_PRODUCTS_DIR;
		};
		452D490C204D220000F4AFDE /* AsyncDisplayKitTests.xctest */ = {
			isa = PBXReferenceProxy;
			fileType = wrapper.cfbundle;
			path = AsyncDisplayKitTests.xctest;
			remoteRef = 452D490B204D220000F4AFDE /* PBXContainerItemProxy */;
			sourceTree = BUILT_PRODUCTS_DIR;
		};
		452D490E204D220000F4AFDE /* AsyncDisplayKitTestHost.app */ = {
			isa = PBXReferenceProxy;
			fileType = wrapper.application;
			path = AsyncDisplayKitTestHost.app;
			remoteRef = 452D490D204D220000F4AFDE /* PBXContainerItemProxy */;
			sourceTree = BUILT_PRODUCTS_DIR;
		};
/* End PBXReferenceProxy section */

/* Begin PBXResourcesBuildPhase section */
		F059BBD520493020008DFB0B /* Resources */ = {
			isa = PBXResourcesBuildPhase;
			buildActionMask = 2147483647;
			files = (
				F059BC0A20493922008DFB0B /* messageCenterPocketslh.xml in Resources */,
				F059BBE720493020008DFB0B /* LaunchScreen.storyboard in Resources */,
				F059BBE420493020008DFB0B /* Assets.xcassets in Resources */,
				F059BBE220493020008DFB0B /* Main.storyboard in Resources */,
			);
			runOnlyForDeploymentPostprocessing = 0;
		};
		F059BC1F204944D7008DFB0B /* Resources */ = {
			isa = PBXResourcesBuildPhase;
			buildActionMask = 2147483647;
			files = (
				452D490F204D24EE00F4AFDE /* AsyncDisplayKit.framework in Resources */,
				452D4910204D24EE00F4AFDE /* PINCache.framework in Resources */,
				452D4911204D24EE00F4AFDE /* PINOperation.framework in Resources */,
				452D4912204D24EE00F4AFDE /* PINRemoteImage.framework in Resources */,
			);
			runOnlyForDeploymentPostprocessing = 0;
		};
/* End PBXResourcesBuildPhase section */

/* Begin PBXSourcesBuildPhase section */
		F059BBD320493020008DFB0B /* Sources */ = {
			isa = PBXSourcesBuildPhase;
			buildActionMask = 2147483647;
			files = (
				F059BC0520493589008DFB0B /* ConfigureFileHelper.m in Sources */,
				F059BC08204937BF008DFB0B /* DLMessageCenterCellNode.m in Sources */,
				F059BBDF20493020008DFB0B /* ViewController.m in Sources */,
				F059BBFF20493316008DFB0B /* RXMLElement.m in Sources */,
				F059BBEA20493020008DFB0B /* main.m in Sources */,
				F059BBDC20493020008DFB0B /* AppDelegate.m in Sources */,
			);
			runOnlyForDeploymentPostprocessing = 0;
		};
		F059BC1C204944D7008DFB0B /* Sources */ = {
			isa = PBXSourcesBuildPhase;
			buildActionMask = 2147483647;
			files = (
				F059BC2E204945D4008DFB0B /* DLASyncDisplayLayoutSvc.m in Sources */,
				F059BC2F204945D6008DFB0B /* DLListTextStyle.m in Sources */,
				F059BC30204945D9008DFB0B /* DLStyleService.m in Sources */,
				F059BC31204945DB008DFB0B /* DLViewLayoutTags.m in Sources */,
			);
			runOnlyForDeploymentPostprocessing = 0;
		};
/* End PBXSourcesBuildPhase section */

/* Begin PBXTargetDependency section */
		F059BC27204944D8008DFB0B /* PBXTargetDependency */ = {
			isa = PBXTargetDependency;
			target = F059BC20204944D7008DFB0B /* DLViewLayout */;
			targetProxy = F059BC26204944D8008DFB0B /* PBXContainerItemProxy */;
		};
/* End PBXTargetDependency section */

/* Begin PBXVariantGroup section */
		F059BBE020493020008DFB0B /* Main.storyboard */ = {
			isa = PBXVariantGroup;
			children = (
				F059BBE120493020008DFB0B /* Base */,
			);
			name = Main.storyboard;
			sourceTree = "<group>";
		};
		F059BBE520493020008DFB0B /* LaunchScreen.storyboard */ = {
			isa = PBXVariantGroup;
			children = (
				F059BBE620493020008DFB0B /* Base */,
			);
			name = LaunchScreen.storyboard;
			sourceTree = "<group>";
		};
/* End PBXVariantGroup section */

/* Begin XCBuildConfiguration section */
		F059BBEB20493020008DFB0B /* Debug */ = {
			isa = XCBuildConfiguration;
			buildSettings = {
				ALWAYS_SEARCH_USER_PATHS = NO;
				CLANG_ANALYZER_NONNULL = YES;
				CLANG_ANALYZER_NUMBER_OBJECT_CONVERSION = YES_AGGRESSIVE;
				CLANG_CXX_LANGUAGE_STANDARD = "gnu++14";
				CLANG_CXX_LIBRARY = "libc++";
				CLANG_ENABLE_MODULES = YES;
				CLANG_ENABLE_OBJC_ARC = YES;
				CLANG_WARN_BLOCK_CAPTURE_AUTORELEASING = YES;
				CLANG_WARN_BOOL_CONVERSION = YES;
				CLANG_WARN_COMMA = YES;
				CLANG_WARN_CONSTANT_CONVERSION = YES;
				CLANG_WARN_DIRECT_OBJC_ISA_USAGE = YES_ERROR;
				CLANG_WARN_DOCUMENTATION_COMMENTS = YES;
				CLANG_WARN_EMPTY_BODY = YES;
				CLANG_WARN_ENUM_CONVERSION = YES;
				CLANG_WARN_INFINITE_RECURSION = YES;
				CLANG_WARN_INT_CONVERSION = YES;
				CLANG_WARN_NON_LITERAL_NULL_CONVERSION = YES;
				CLANG_WARN_OBJC_LITERAL_CONVERSION = YES;
				CLANG_WARN_OBJC_ROOT_CLASS = YES_ERROR;
				CLANG_WARN_RANGE_LOOP_ANALYSIS = YES;
				CLANG_WARN_STRICT_PROTOTYPES = YES;
				CLANG_WARN_SUSPICIOUS_MOVE = YES;
				CLANG_WARN_UNGUARDED_AVAILABILITY = YES_AGGRESSIVE;
				CLANG_WARN_UNREACHABLE_CODE = YES;
				CLANG_WARN__DUPLICATE_METHOD_MATCH = YES;
				CODE_SIGN_IDENTITY = "iPhone Developer";
				COPY_PHASE_STRIP = NO;
				DEBUG_INFORMATION_FORMAT = dwarf;
				ENABLE_STRICT_OBJC_MSGSEND = YES;
				ENABLE_TESTABILITY = YES;
				GCC_C_LANGUAGE_STANDARD = gnu11;
				GCC_DYNAMIC_NO_PIC = NO;
				GCC_NO_COMMON_BLOCKS = YES;
				GCC_OPTIMIZATION_LEVEL = 0;
				GCC_PREPROCESSOR_DEFINITIONS = (
					"DEBUG=1",
					"$(inherited)",
				);
				GCC_WARN_64_TO_32_BIT_CONVERSION = YES;
				GCC_WARN_ABOUT_RETURN_TYPE = YES_ERROR;
				GCC_WARN_UNDECLARED_SELECTOR = YES;
				GCC_WARN_UNINITIALIZED_AUTOS = YES_AGGRESSIVE;
				GCC_WARN_UNUSED_FUNCTION = YES;
				GCC_WARN_UNUSED_VARIABLE = YES;
				IPHONEOS_DEPLOYMENT_TARGET = 11.2;
				MTL_ENABLE_DEBUG_INFO = YES;
				ONLY_ACTIVE_ARCH = YES;
				SDKROOT = iphoneos;
			};
			name = Debug;
		};
		F059BBEC20493020008DFB0B /* Release */ = {
			isa = XCBuildConfiguration;
			buildSettings = {
				ALWAYS_SEARCH_USER_PATHS = NO;
				CLANG_ANALYZER_NONNULL = YES;
				CLANG_ANALYZER_NUMBER_OBJECT_CONVERSION = YES_AGGRESSIVE;
				CLANG_CXX_LANGUAGE_STANDARD = "gnu++14";
				CLANG_CXX_LIBRARY = "libc++";
				CLANG_ENABLE_MODULES = YES;
				CLANG_ENABLE_OBJC_ARC = YES;
				CLANG_WARN_BLOCK_CAPTURE_AUTORELEASING = YES;
				CLANG_WARN_BOOL_CONVERSION = YES;
				CLANG_WARN_COMMA = YES;
				CLANG_WARN_CONSTANT_CONVERSION = YES;
				CLANG_WARN_DIRECT_OBJC_ISA_USAGE = YES_ERROR;
				CLANG_WARN_DOCUMENTATION_COMMENTS = YES;
				CLANG_WARN_EMPTY_BODY = YES;
				CLANG_WARN_ENUM_CONVERSION = YES;
				CLANG_WARN_INFINITE_RECURSION = YES;
				CLANG_WARN_INT_CONVERSION = YES;
				CLANG_WARN_NON_LITERAL_NULL_CONVERSION = YES;
				CLANG_WARN_OBJC_LITERAL_CONVERSION = YES;
				CLANG_WARN_OBJC_ROOT_CLASS = YES_ERROR;
				CLANG_WARN_RANGE_LOOP_ANALYSIS = YES;
				CLANG_WARN_STRICT_PROTOTYPES = YES;
				CLANG_WARN_SUSPICIOUS_MOVE = YES;
				CLANG_WARN_UNGUARDED_AVAILABILITY = YES_AGGRESSIVE;
				CLANG_WARN_UNREACHABLE_CODE = YES;
				CLANG_WARN__DUPLICATE_METHOD_MATCH = YES;
				CODE_SIGN_IDENTITY = "iPhone Developer";
				COPY_PHASE_STRIP = NO;
				DEBUG_INFORMATION_FORMAT = "dwarf-with-dsym";
				ENABLE_NS_ASSERTIONS = NO;
				ENABLE_STRICT_OBJC_MSGSEND = YES;
				GCC_C_LANGUAGE_STANDARD = gnu11;
				GCC_NO_COMMON_BLOCKS = YES;
				GCC_WARN_64_TO_32_BIT_CONVERSION = YES;
				GCC_WARN_ABOUT_RETURN_TYPE = YES_ERROR;
				GCC_WARN_UNDECLARED_SELECTOR = YES;
				GCC_WARN_UNINITIALIZED_AUTOS = YES_AGGRESSIVE;
				GCC_WARN_UNUSED_FUNCTION = YES;
				GCC_WARN_UNUSED_VARIABLE = YES;
				IPHONEOS_DEPLOYMENT_TARGET = 11.2;
				MTL_ENABLE_DEBUG_INFO = NO;
				SDKROOT = iphoneos;
				VALIDATE_PRODUCT = YES;
			};
			name = Release;
		};
		F059BBEE20493020008DFB0B /* Debug */ = {
			isa = XCBuildConfiguration;
			buildSettings = {
				ASSETCATALOG_COMPILER_APPICON_NAME = AppIcon;
				CODE_SIGN_STYLE = Automatic;
				FRAMEWORK_SEARCH_PATHS = (
					"$(inherited)",
					"$(PROJECT_DIR)/Carthage/Build/iOS",
					"$(PROJECT_DIR)",
				);
				HEADER_SEARCH_PATHS = "$(SDK_DIR)\"/usr/include/libxml2";
				INFOPLIST_FILE = "$(SRCROOT)/ViewLayout/Support Files/Info.plist";
				IPHONEOS_DEPLOYMENT_TARGET = 9.0;
				LD_RUNPATH_SEARCH_PATHS = "$(inherited) @executable_path/Frameworks";
				PRODUCT_BUNDLE_IDENTIFIER = com.slhlib.ViewLayout;
				PRODUCT_NAME = "$(TARGET_NAME)";
				TARGETED_DEVICE_FAMILY = "1,2";
			};
			name = Debug;
		};
		F059BBEF20493020008DFB0B /* Release */ = {
			isa = XCBuildConfiguration;
			buildSettings = {
				ASSETCATALOG_COMPILER_APPICON_NAME = AppIcon;
				CODE_SIGN_STYLE = Automatic;
				FRAMEWORK_SEARCH_PATHS = (
					"$(inherited)",
					"$(PROJECT_DIR)/Carthage/Build/iOS",
					"$(PROJECT_DIR)",
				);
				HEADER_SEARCH_PATHS = "$(SDK_DIR)\"/usr/include/libxml2";
				INFOPLIST_FILE = "$(SRCROOT)/ViewLayout/Support Files/Info.plist";
				IPHONEOS_DEPLOYMENT_TARGET = 9.0;
				LD_RUNPATH_SEARCH_PATHS = "$(inherited) @executable_path/Frameworks";
				PRODUCT_BUNDLE_IDENTIFIER = com.slhlib.ViewLayout;
				PRODUCT_NAME = "$(TARGET_NAME)";
				TARGETED_DEVICE_FAMILY = "1,2";
			};
			name = Release;
		};
		F059BC2B204944D8008DFB0B /* Debug */ = {
			isa = XCBuildConfiguration;
			buildSettings = {
				CODE_SIGN_IDENTITY = "";
				CODE_SIGN_STYLE = Automatic;
				CURRENT_PROJECT_VERSION = 1;
				DEFINES_MODULE = YES;
				DYLIB_COMPATIBILITY_VERSION = 1;
				DYLIB_CURRENT_VERSION = 1;
				DYLIB_INSTALL_NAME_BASE = "@rpath";
				FRAMEWORK_SEARCH_PATHS = (
					"$(inherited)",
					"$(PROJECT_DIR)/Carthage/Build/iOS",
					"$(PROJECT_DIR)",
				);
				INFOPLIST_FILE = DLViewLayout/Info.plist;
				INSTALL_PATH = "$(LOCAL_LIBRARY_DIR)/Frameworks";
				IPHONEOS_DEPLOYMENT_TARGET = 8.0;
				LD_RUNPATH_SEARCH_PATHS = "$(inherited) @executable_path/Frameworks @loader_path/Frameworks";
				PRODUCT_BUNDLE_IDENTIFIER = com.slhlib.DLViewLayout;
				PRODUCT_NAME = "$(TARGET_NAME:c99extidentifier)";
				SKIP_INSTALL = YES;
				TARGETED_DEVICE_FAMILY = "1,2";
				VERSIONING_SYSTEM = "apple-generic";
				VERSION_INFO_PREFIX = "";
			};
			name = Debug;
		};
		F059BC2C204944D8008DFB0B /* Release */ = {
			isa = XCBuildConfiguration;
			buildSettings = {
				CODE_SIGN_IDENTITY = "";
				CODE_SIGN_STYLE = Automatic;
				CURRENT_PROJECT_VERSION = 1;
				DEFINES_MODULE = YES;
				DYLIB_COMPATIBILITY_VERSION = 1;
				DYLIB_CURRENT_VERSION = 1;
				DYLIB_INSTALL_NAME_BASE = "@rpath";
				FRAMEWORK_SEARCH_PATHS = (
					"$(inherited)",
					"$(PROJECT_DIR)/Carthage/Build/iOS",
					"$(PROJECT_DIR)",
				);
				INFOPLIST_FILE = DLViewLayout/Info.plist;
				INSTALL_PATH = "$(LOCAL_LIBRARY_DIR)/Frameworks";
				IPHONEOS_DEPLOYMENT_TARGET = 8.0;
				LD_RUNPATH_SEARCH_PATHS = "$(inherited) @executable_path/Frameworks @loader_path/Frameworks";
				PRODUCT_BUNDLE_IDENTIFIER = com.slhlib.DLViewLayout;
				PRODUCT_NAME = "$(TARGET_NAME:c99extidentifier)";
				SKIP_INSTALL = YES;
				TARGETED_DEVICE_FAMILY = "1,2";
				VERSIONING_SYSTEM = "apple-generic";
				VERSION_INFO_PREFIX = "";
			};
			name = Release;
		};
/* End XCBuildConfiguration section */

/* Begin XCConfigurationList section */
		F059BBD220493020008DFB0B /* Build configuration list for PBXProject "ViewLayout" */ = {
			isa = XCConfigurationList;
			buildConfigurations = (
				F059BBEB20493020008DFB0B /* Debug */,
				F059BBEC20493020008DFB0B /* Release */,
			);
			defaultConfigurationIsVisible = 0;
			defaultConfigurationName = Release;
		};
		F059BBED20493020008DFB0B /* Build configuration list for PBXNativeTarget "ViewLayout" */ = {
			isa = XCConfigurationList;
			buildConfigurations = (
				F059BBEE20493020008DFB0B /* Debug */,
				F059BBEF20493020008DFB0B /* Release */,
			);
			defaultConfigurationIsVisible = 0;
			defaultConfigurationName = Release;
		};
		F059BC2A204944D8008DFB0B /* Build configuration list for PBXNativeTarget "DLViewLayout" */ = {
			isa = XCConfigurationList;
			buildConfigurations = (
				F059BC2B204944D8008DFB0B /* Debug */,
				F059BC2C204944D8008DFB0B /* Release */,
			);
			defaultConfigurationIsVisible = 0;
			defaultConfigurationName = Release;
		};
/* End XCConfigurationList section */
	};
	rootObject = F059BBCF20493020008DFB0B /* Project object */;
}
